
Microsoft Visual Studio Solution File, Format Version 12.00
# Visual Studio 15
VisualStudioVersion = 15.0.28307.1145
MinimumVisualStudioVersion = 10.0.40219.1
Project("{FAE04EC0-301F-11D3-BF4B-00C04F79EFBC}") = "Ignore", "Ignore\Ignore.csproj", "{AD72DDA7-357D-4C2F-BF5C-202E849B2958}"
EndProject
Global
	GlobalSection(SolutionConfigurationPlatforms) = preSolution
		Debug|Any CPU = Debug|Any CPU
		Release|Any CPU = Release|Any CPU
	EndGlobalSection
	GlobalSection(ProjectConfigurationPlatforms) = postSolution
		{AD72DDA7-357D-4C2F-BF5C-202E849B2958}.Debug|Any CPU.ActiveCfg = Debug|Any CPU
		{AD72DDA7-357D-4C2F-BF5C-202E849B2958}.Debug|Any CPU.Build.0 = Debug|Any CPU
		{AD72DDA7-357D-4C2F-BF5C-202E849B2958}.Release|Any CPU.ActiveCfg = Release|Any CPU
		{AD72DDA7-357D-4C2F-BF5C-202E849B2958}.Release|Any CPU.Build.0 = Release|Any CPU
	EndGlobalSection
	GlobalSection(SolutionProperties) = preSolution
		HideSolutionNode = FALSE
	EndGlobalSection
	GlobalSection(ExtensibilityGlobals) = postSolution
		SolutionGuid = {F22163D6-C383-4070-BEA6-727A0CB07DA1}
	EndGlobalSection
EndGlobal
